
Microsoft Visual Studio Solution File, Format Version 12.00
# Visual Studio Version 17
VisualStudioVersion = 17.8.0.0
MinimumVisualStudioVersion = 17.8.0.0
Project("{2150E333-8FDC-42A3-9474-1A3956D46DE8}") = "Services", "Services", "{5854FF58-B8C5-05C6-5BF2-ACE42193F22B}"
EndProject
Project("{2150E333-8FDC-42A3-9474-1A3956D46DE8}") = "BuildingBlocks", "BuildingBlocks", "{7266C4A9-E384-DC00-0EB6-47F6002CFBA7}"
EndProject
Project("{2150E333-8FDC-42A3-9474-1A3956D46DE8}") = "SolutionItems", "SolutionItems", "{F6F462E1-D058-33EE-9A35-BBD49B846676}"
	ProjectSection(SolutionItems) = preProject
		.editorconfig = .editorconfig
		.gitignore = .gitignore
		Directory.Packages.props = Directory.Packages.props
		nuget.config = nuget.config
		docker-compose.yml = docker-compose.yml
		docker-compose.override.yml = docker-compose.override.yml
	EndProjectSection
EndProject
Project("{FAE04EC0-301F-11D3-BF4B-00C04F79EFBC}") = "Catalog.API", "src\Services\Catalog\Catalog.API\Catalog.API.csproj", "{812A24A4-9BE7-480C-A185-D894470B3D20}"
EndProject
Project("{FAE04EC0-301F-11D3-BF4B-00C04F79EFBC}") = "Basket.API", "src\Services\Basket\Basket.API\Basket.API.csproj", "{563531B4-9036-4226-B85F-2DB18CEE23A6}"
EndProject
Project("{FAE04EC0-301F-11D3-BF4B-00C04F79EFBC}") = "Discount.Grpc", "src\Services\Discount\Discount.Grpc\Discount.Grpc.csproj", "{AEB89FFD-8A75-407E-BCA4-CEAA33088544}"
EndProject
Project("{2150E333-8FDC-42A3-9474-1A3956D46DE8}") = "Ordering", "Ordering", "{3BAACA43-EC64-C367-9FAA-9C38067293A8}"
EndProject
Project("{FAE04EC0-301F-11D3-BF4B-00C04F79EFBC}") = "Ordering.Application", "src\Services\Ordering\Ordering.Application\Ordering.Application.csproj", "{50CAF15F-F4E3-4F91-8686-6E240FEFEC64}"
EndProject
Project("{FAE04EC0-301F-11D3-BF4B-00C04F79EFBC}") = "Ordering.API", "src\Services\Ordering\Ordering.API\Ordering.API.csproj", "{D5A740C4-78F8-4E36-9F0F-79365C05A713}"
EndProject
Project("{FAE04EC0-301F-11D3-BF4B-00C04F79EFBC}") = "Ordering.Domain", "src\Services\Ordering\Ordering.Domain\Ordering.Domain.csproj", "{310145F9-A1A0-4A5A-A928-D4CEA02EA388}"
EndProject
Project("{FAE04EC0-301F-11D3-BF4B-00C04F79EFBC}") = "Ordering.Infrastructure", "src\Services\Ordering\Ordering.Infrastructure\Ordering.Infrastructure.csproj", "{F971A69E-476A-42E7-920F-A203A5175EA3}"
EndProject
Project("{FAE04EC0-301F-11D3-BF4B-00C04F79EFBC}") = "Ordering.MigrationService", "src\Services\Ordering\Ordering.MigrationService\Ordering.MigrationService.csproj", "{CFF9682A-6AB8-4A48-A01B-DE570E4B9AB3}"
EndProject
Project("{FAE04EC0-301F-11D3-BF4B-00C04F79EFBC}") = "BuildingBlocks", "src\BuildingBlocks\BuildingBlocks\BuildingBlocks.csproj", "{A374AA87-E147-4121-A9DA-B0BBDFE45872}"
EndProject
Project("{FAE04EC0-301F-11D3-BF4B-00C04F79EFBC}") = "BuildingBlocks.Messaging", "src\BuildingBlocks\BuildingBlocks.Messaging\BuildingBlocks.Messaging.csproj", "{393411BA-7C5B-4793-854B-0B14A88D2C24}"
EndProject
Project("{FAE04EC0-301F-11D3-BF4B-00C04F79EFBC}") = "AppHost", "src\AppHost\AppHost.csproj", "{011170FB-E451-4145-9D1A-1D0ADE7CC26A}"
EndProject
Project("{2150E333-8FDC-42A3-9474-1A3956D46DE8}") = "ApiGateways", "ApiGateways", "{8450CF56-5DC7-366A-AE0A-4A8614F474CF}"
EndProject
Project("{2150E333-8FDC-42A3-9474-1A3956D46DE8}") = "WebApps", "WebApps", "{EAD677E5-AD0E-6F13-EC1D-8BBE0583BABB}"
EndProject
Project("{FAE04EC0-301F-11D3-BF4B-00C04F79EFBC}") = "Shopping.Web.Server", "src\WebApps\Shopping.Web.Server\Shopping.Web.Server.csproj", "{197C30D8-16A4-407D-841F-F819969458FF}"
EndProject
Project("{FAE04EC0-301F-11D3-BF4B-00C04F79EFBC}") = "YarpApiGateway", "src\ApiGateways\YarpApiGateway\YarpApiGateway.csproj", "{C546C1D3-FD5D-491C-8B61-D49DA0CC0770}"
EndProject
Project("{2150E333-8FDC-42A3-9474-1A3956D46DE8}") = "src", "src", "{827E0CD3-B72D-47B6-A68D-7590B98EB39B}"
EndProject
Project("{2150E333-8FDC-42A3-9474-1A3956D46DE8}") = "tests", "tests", "{0AB3BF05-4346-4AA6-1389-037BE0695223}"
EndProject
Project("{2150E333-8FDC-42A3-9474-1A3956D46DE8}") = "Services", "Services", "{4353066B-F410-E540-F593-55E469B78A5F}"
EndProject
Project("{2150E333-8FDC-42A3-9474-1A3956D46DE8}") = "Ordering", "Ordering", "{835260A9-44FA-23F2-CE4B-654AE0EFFB53}"
EndProject
Project("{FAE04EC0-301F-11D3-BF4B-00C04F79EFBC}") = "Ordering.UnitTests", "tests\Services\Ordering\Ordering.UnitTests\Ordering.UnitTests.csproj", "{5DECAD28-EBE0-4BD8-B6C5-D36E640CFEC3}"
EndProject
Project("{2150E333-8FDC-42A3-9474-1A3956D46DE8}") = "BuildingBlocks", "BuildingBlocks", "{AD3136F1-6676-2AF3-8A96-F3C6585F1CB9}"
EndProject
Project("{FAE04EC0-301F-11D3-BF4B-00C04F79EFBC}") = "BuildingBlocks.UnitTests", "tests\BuildingBlocks\BuildingBlocks.UnitTests\BuildingBlocks.UnitTests.csproj", "{723A4083-67DF-4BE6-80CD-9DC8DA6869CF}"
EndProject
Global
	GlobalSection(SolutionConfigurationPlatforms) = preSolution
		Debug|Any CPU = Debug|Any CPU
		Debug|x64 = Debug|x64
		Debug|x86 = Debug|x86
		Release|Any CPU = Release|Any CPU
		Release|x64 = Release|x64
		Release|x86 = Release|x86
	EndGlobalSection
	GlobalSection(ProjectConfigurationPlatforms) = postSolution
		{812A24A4-9BE7-480C-A185-D894470B3D20}.Debug|Any CPU.ActiveCfg = Debug|Any CPU
		{812A24A4-9BE7-480C-A185-D894470B3D20}.Debug|Any CPU.Build.0 = Debug|Any CPU
		{812A24A4-9BE7-480C-A185-D894470B3D20}.Debug|x64.ActiveCfg = Debug|Any CPU
		{812A24A4-9BE7-480C-A185-D894470B3D20}.Debug|x64.Build.0 = Debug|Any CPU
		{812A24A4-9BE7-480C-A185-D894470B3D20}.Debug|x86.ActiveCfg = Debug|Any CPU
		{812A24A4-9BE7-480C-A185-D894470B3D20}.Debug|x86.Build.0 = Debug|Any CPU
		{812A24A4-9BE7-480C-A185-D894470B3D20}.Release|Any CPU.ActiveCfg = Release|Any CPU
		{812A24A4-9BE7-480C-A185-D894470B3D20}.Release|Any CPU.Build.0 = Release|Any CPU
		{812A24A4-9BE7-480C-A185-D894470B3D20}.Release|x64.ActiveCfg = Release|Any CPU
		{812A24A4-9BE7-480C-A185-D894470B3D20}.Release|x64.Build.0 = Release|Any CPU
		{812A24A4-9BE7-480C-A185-D894470B3D20}.Release|x86.ActiveCfg = Release|Any CPU
		{812A24A4-9BE7-480C-A185-D894470B3D20}.Release|x86.Build.0 = Release|Any CPU
		{563531B4-9036-4226-B85F-2DB18CEE23A6}.Debug|Any CPU.ActiveCfg = Debug|Any CPU
		{563531B4-9036-4226-B85F-2DB18CEE23A6}.Debug|Any CPU.Build.0 = Debug|Any CPU
		{563531B4-9036-4226-B85F-2DB18CEE23A6}.Debug|x64.ActiveCfg = Debug|Any CPU
		{563531B4-9036-4226-B85F-2DB18CEE23A6}.Debug|x64.Build.0 = Debug|Any CPU
		{563531B4-9036-4226-B85F-2DB18CEE23A6}.Debug|x86.ActiveCfg = Debug|Any CPU
		{563531B4-9036-4226-B85F-2DB18CEE23A6}.Debug|x86.Build.0 = Debug|Any CPU
		{563531B4-9036-4226-B85F-2DB18CEE23A6}.Release|Any CPU.ActiveCfg = Release|Any CPU
		{563531B4-9036-4226-B85F-2DB18CEE23A6}.Release|Any CPU.Build.0 = Release|Any CPU
		{563531B4-9036-4226-B85F-2DB18CEE23A6}.Release|x64.ActiveCfg = Release|Any CPU
		{563531B4-9036-4226-B85F-2DB18CEE23A6}.Release|x64.Build.0 = Release|Any CPU
		{563531B4-9036-4226-B85F-2DB18CEE23A6}.Release|x86.ActiveCfg = Release|Any CPU
		{563531B4-9036-4226-B85F-2DB18CEE23A6}.Release|x86.Build.0 = Release|Any CPU
		{AEB89FFD-8A75-407E-BCA4-CEAA33088544}.Debug|Any CPU.ActiveCfg = Debug|Any CPU
		{AEB89FFD-8A75-407E-BCA4-CEAA33088544}.Debug|Any CPU.Build.0 = Debug|Any CPU
		{AEB89FFD-8A75-407E-BCA4-CEAA33088544}.Debug|x64.ActiveCfg = Debug|Any CPU
		{AEB89FFD-8A75-407E-BCA4-CEAA33088544}.Debug|x64.Build.0 = Debug|Any CPU
		{AEB89FFD-8A75-407E-BCA4-CEAA33088544}.Debug|x86.ActiveCfg = Debug|Any CPU
		{AEB89FFD-8A75-407E-BCA4-CEAA33088544}.Debug|x86.Build.0 = Debug|Any CPU
		{AEB89FFD-8A75-407E-BCA4-CEAA33088544}.Release|Any CPU.ActiveCfg = Release|Any CPU
		{AEB89FFD-8A75-407E-BCA4-CEAA33088544}.Release|Any CPU.Build.0 = Release|Any CPU
		{AEB89FFD-8A75-407E-BCA4-CEAA33088544}.Release|x64.ActiveCfg = Release|Any CPU
		{AEB89FFD-8A75-407E-BCA4-CEAA33088544}.Release|x64.Build.0 = Release|Any CPU
		{AEB89FFD-8A75-407E-BCA4-CEAA33088544}.Release|x86.ActiveCfg = Release|Any CPU
		{AEB89FFD-8A75-407E-BCA4-CEAA33088544}.Release|x86.Build.0 = Release|Any CPU
		{50CAF15F-F4E3-4F91-8686-6E240FEFEC64}.Debug|Any CPU.ActiveCfg = Debug|Any CPU
		{50CAF15F-F4E3-4F91-8686-6E240FEFEC64}.Debug|Any CPU.Build.0 = Debug|Any CPU
		{50CAF15F-F4E3-4F91-8686-6E240FEFEC64}.Debug|x64.ActiveCfg = Debug|Any CPU
		{50CAF15F-F4E3-4F91-8686-6E240FEFEC64}.Debug|x64.Build.0 = Debug|Any CPU
		{50CAF15F-F4E3-4F91-8686-6E240FEFEC64}.Debug|x86.ActiveCfg = Debug|Any CPU
		{50CAF15F-F4E3-4F91-8686-6E240FEFEC64}.Debug|x86.Build.0 = Debug|Any CPU
		{50CAF15F-F4E3-4F91-8686-6E240FEFEC64}.Release|Any CPU.ActiveCfg = Release|Any CPU
		{50CAF15F-F4E3-4F91-8686-6E240FEFEC64}.Release|Any CPU.Build.0 = Release|Any CPU
		{50CAF15F-F4E3-4F91-8686-6E240FEFEC64}.Release|x64.ActiveCfg = Release|Any CPU
		{50CAF15F-F4E3-4F91-8686-6E240FEFEC64}.Release|x64.Build.0 = Release|Any CPU
		{50CAF15F-F4E3-4F91-8686-6E240FEFEC64}.Release|x86.ActiveCfg = Release|Any CPU
		{50CAF15F-F4E3-4F91-8686-6E240FEFEC64}.Release|x86.Build.0 = Release|Any CPU
		{D5A740C4-78F8-4E36-9F0F-79365C05A713}.Debug|Any CPU.ActiveCfg = Debug|Any CPU
		{D5A740C4-78F8-4E36-9F0F-79365C05A713}.Debug|Any CPU.Build.0 = Debug|Any CPU
		{D5A740C4-78F8-4E36-9F0F-79365C05A713}.Debug|x64.ActiveCfg = Debug|Any CPU
		{D5A740C4-78F8-4E36-9F0F-79365C05A713}.Debug|x64.Build.0 = Debug|Any CPU
		{D5A740C4-78F8-4E36-9F0F-79365C05A713}.Debug|x86.ActiveCfg = Debug|Any CPU
		{D5A740C4-78F8-4E36-9F0F-79365C05A713}.Debug|x86.Build.0 = Debug|Any CPU
		{D5A740C4-78F8-4E36-9F0F-79365C05A713}.Release|Any CPU.ActiveCfg = Release|Any CPU
		{D5A740C4-78F8-4E36-9F0F-79365C05A713}.Release|Any CPU.Build.0 = Release|Any CPU
		{D5A740C4-78F8-4E36-9F0F-79365C05A713}.Release|x64.ActiveCfg = Release|Any CPU
		{D5A740C4-78F8-4E36-9F0F-79365C05A713}.Release|x64.Build.0 = Release|Any CPU
		{D5A740C4-78F8-4E36-9F0F-79365C05A713}.Release|x86.ActiveCfg = Release|Any CPU
		{D5A740C4-78F8-4E36-9F0F-79365C05A713}.Release|x86.Build.0 = Release|Any CPU
		{310145F9-A1A0-4A5A-A928-D4CEA02EA388}.Debug|Any CPU.ActiveCfg = Debug|Any CPU
		{310145F9-A1A0-4A5A-A928-D4CEA02EA388}.Debug|Any CPU.Build.0 = Debug|Any CPU
		{310145F9-A1A0-4A5A-A928-D4CEA02EA388}.Debug|x64.ActiveCfg = Debug|Any CPU
		{310145F9-A1A0-4A5A-A928-D4CEA02EA388}.Debug|x64.Build.0 = Debug|Any CPU
		{310145F9-A1A0-4A5A-A928-D4CEA02EA388}.Debug|x86.ActiveCfg = Debug|Any CPU
		{310145F9-A1A0-4A5A-A928-D4CEA02EA388}.Debug|x86.Build.0 = Debug|Any CPU
		{310145F9-A1A0-4A5A-A928-D4CEA02EA388}.Release|Any CPU.ActiveCfg = Release|Any CPU
		{310145F9-A1A0-4A5A-A928-D4CEA02EA388}.Release|Any CPU.Build.0 = Release|Any CPU
		{310145F9-A1A0-4A5A-A928-D4CEA02EA388}.Release|x64.ActiveCfg = Release|Any CPU
		{310145F9-A1A0-4A5A-A928-D4CEA02EA388}.Release|x64.Build.0 = Release|Any CPU
		{310145F9-A1A0-4A5A-A928-D4CEA02EA388}.Release|x86.ActiveCfg = Release|Any CPU
		{310145F9-A1A0-4A5A-A928-D4CEA02EA388}.Release|x86.Build.0 = Release|Any CPU
		{F971A69E-476A-42E7-920F-A203A5175EA3}.Debug|Any CPU.ActiveCfg = Debug|Any CPU
		{F971A69E-476A-42E7-920F-A203A5175EA3}.Debug|Any CPU.Build.0 = Debug|Any CPU
		{F971A69E-476A-42E7-920F-A203A5175EA3}.Debug|x64.ActiveCfg = Debug|Any CPU
		{F971A69E-476A-42E7-920F-A203A5175EA3}.Debug|x64.Build.0 = Debug|Any CPU
		{F971A69E-476A-42E7-920F-A203A5175EA3}.Debug|x86.ActiveCfg = Debug|Any CPU
		{F971A69E-476A-42E7-920F-A203A5175EA3}.Debug|x86.Build.0 = Debug|Any CPU
		{F971A69E-476A-42E7-920F-A203A5175EA3}.Release|Any CPU.ActiveCfg = Release|Any CPU
		{F971A69E-476A-42E7-920F-A203A5175EA3}.Release|Any CPU.Build.0 = Release|Any CPU
		{F971A69E-476A-42E7-920F-A203A5175EA3}.Release|x64.ActiveCfg = Release|Any CPU
		{F971A69E-476A-42E7-920F-A203A5175EA3}.Release|x64.Build.0 = Release|Any CPU
		{F971A69E-476A-42E7-920F-A203A5175EA3}.Release|x86.ActiveCfg = Release|Any CPU
		{F971A69E-476A-42E7-920F-A203A5175EA3}.Release|x86.Build.0 = Release|Any CPU
		{CFF9682A-6AB8-4A48-A01B-DE570E4B9AB3}.Debug|Any CPU.ActiveCfg = Debug|Any CPU
		{CFF9682A-6AB8-4A48-A01B-DE570E4B9AB3}.Debug|Any CPU.Build.0 = Debug|Any CPU
		{CFF9682A-6AB8-4A48-A01B-DE570E4B9AB3}.Debug|x64.ActiveCfg = Debug|Any CPU
		{CFF9682A-6AB8-4A48-A01B-DE570E4B9AB3}.Debug|x64.Build.0 = Debug|Any CPU
		{CFF9682A-6AB8-4A48-A01B-DE570E4B9AB3}.Debug|x86.ActiveCfg = Debug|Any CPU
		{CFF9682A-6AB8-4A48-A01B-DE570E4B9AB3}.Debug|x86.Build.0 = Debug|Any CPU
		{CFF9682A-6AB8-4A48-A01B-DE570E4B9AB3}.Release|Any CPU.ActiveCfg = Release|Any CPU
		{CFF9682A-6AB8-4A48-A01B-DE570E4B9AB3}.Release|Any CPU.Build.0 = Release|Any CPU
		{CFF9682A-6AB8-4A48-A01B-DE570E4B9AB3}.Release|x64.ActiveCfg = Release|Any CPU
		{CFF9682A-6AB8-4A48-A01B-DE570E4B9AB3}.Release|x64.Build.0 = Release|Any CPU
		{CFF9682A-6AB8-4A48-A01B-DE570E4B9AB3}.Release|x86.ActiveCfg = Release|Any CPU
		{CFF9682A-6AB8-4A48-A01B-DE570E4B9AB3}.Release|x86.Build.0 = Release|Any CPU
		{A374AA87-E147-4121-A9DA-B0BBDFE45872}.Debug|Any CPU.ActiveCfg = Debug|Any CPU
		{A374AA87-E147-4121-A9DA-B0BBDFE45872}.Debug|Any CPU.Build.0 = Debug|Any CPU
		{A374AA87-E147-4121-A9DA-B0BBDFE45872}.Debug|x64.ActiveCfg = Debug|Any CPU
		{A374AA87-E147-4121-A9DA-B0BBDFE45872}.Debug|x64.Build.0 = Debug|Any CPU
		{A374AA87-E147-4121-A9DA-B0BBDFE45872}.Debug|x86.ActiveCfg = Debug|Any CPU
		{A374AA87-E147-4121-A9DA-B0BBDFE45872}.Debug|x86.Build.0 = Debug|Any CPU
		{A374AA87-E147-4121-A9DA-B0BBDFE45872}.Release|Any CPU.ActiveCfg = Release|Any CPU
		{A374AA87-E147-4121-A9DA-B0BBDFE45872}.Release|Any CPU.Build.0 = Release|Any CPU
		{A374AA87-E147-4121-A9DA-B0BBDFE45872}.Release|x64.ActiveCfg = Release|Any CPU
		{A374AA87-E147-4121-A9DA-B0BBDFE45872}.Release|x64.Build.0 = Release|Any CPU
		{A374AA87-E147-4121-A9DA-B0BBDFE45872}.Release|x86.ActiveCfg = Release|Any CPU
		{A374AA87-E147-4121-A9DA-B0BBDFE45872}.Release|x86.Build.0 = Release|Any CPU
		{393411BA-7C5B-4793-854B-0B14A88D2C24}.Debug|Any CPU.ActiveCfg = Debug|Any CPU
		{393411BA-7C5B-4793-854B-0B14A88D2C24}.Debug|Any CPU.Build.0 = Debug|Any CPU
		{393411BA-7C5B-4793-854B-0B14A88D2C24}.Debug|x64.ActiveCfg = Debug|Any CPU
		{393411BA-7C5B-4793-854B-0B14A88D2C24}.Debug|x64.Build.0 = Debug|Any CPU
		{393411BA-7C5B-4793-854B-0B14A88D2C24}.Debug|x86.ActiveCfg = Debug|Any CPU
		{393411BA-7C5B-4793-854B-0B14A88D2C24}.Debug|x86.Build.0 = Debug|Any CPU
		{393411BA-7C5B-4793-854B-0B14A88D2C24}.Release|Any CPU.ActiveCfg = Release|Any CPU
		{393411BA-7C5B-4793-854B-0B14A88D2C24}.Release|Any CPU.Build.0 = Release|Any CPU
		{393411BA-7C5B-4793-854B-0B14A88D2C24}.Release|x64.ActiveCfg = Release|Any CPU
		{393411BA-7C5B-4793-854B-0B14A88D2C24}.Release|x64.Build.0 = Release|Any CPU
		{393411BA-7C5B-4793-854B-0B14A88D2C24}.Release|x86.ActiveCfg = Release|Any CPU
		{393411BA-7C5B-4793-854B-0B14A88D2C24}.Release|x86.Build.0 = Release|Any CPU
		{011170FB-E451-4145-9D1A-1D0ADE7CC26A}.Debug|Any CPU.ActiveCfg = Debug|Any CPU
		{011170FB-E451-4145-9D1A-1D0ADE7CC26A}.Debug|Any CPU.Build.0 = Debug|Any CPU
		{011170FB-E451-4145-9D1A-1D0ADE7CC26A}.Debug|x64.ActiveCfg = Debug|Any CPU
		{011170FB-E451-4145-9D1A-1D0ADE7CC26A}.Debug|x64.Build.0 = Debug|Any CPU
		{011170FB-E451-4145-9D1A-1D0ADE7CC26A}.Debug|x86.ActiveCfg = Debug|Any CPU
		{011170FB-E451-4145-9D1A-1D0ADE7CC26A}.Debug|x86.Build.0 = Debug|Any CPU
		{011170FB-E451-4145-9D1A-1D0ADE7CC26A}.Release|Any CPU.ActiveCfg = Release|Any CPU
		{011170FB-E451-4145-9D1A-1D0ADE7CC26A}.Release|Any CPU.Build.0 = Release|Any CPU
		{011170FB-E451-4145-9D1A-1D0ADE7CC26A}.Release|x64.ActiveCfg = Release|Any CPU
		{011170FB-E451-4145-9D1A-1D0ADE7CC26A}.Release|x64.Build.0 = Release|Any CPU
		{011170FB-E451-4145-9D1A-1D0ADE7CC26A}.Release|x86.ActiveCfg = Release|Any CPU
		{011170FB-E451-4145-9D1A-1D0ADE7CC26A}.Release|x86.Build.0 = Release|Any CPU
		{197C30D8-16A4-407D-841F-F819969458FF}.Debug|Any CPU.ActiveCfg = Debug|Any CPU
		{197C30D8-16A4-407D-841F-F819969458FF}.Debug|Any CPU.Build.0 = Debug|Any CPU
		{197C30D8-16A4-407D-841F-F819969458FF}.Debug|x64.ActiveCfg = Debug|Any CPU
		{197C30D8-16A4-407D-841F-F819969458FF}.Debug|x64.Build.0 = Debug|Any CPU
		{197C30D8-16A4-407D-841F-F819969458FF}.Debug|x86.ActiveCfg = Debug|Any CPU
		{197C30D8-16A4-407D-841F-F819969458FF}.Debug|x86.Build.0 = Debug|Any CPU
		{197C30D8-16A4-407D-841F-F819969458FF}.Release|Any CPU.ActiveCfg = Release|Any CPU
		{197C30D8-16A4-407D-841F-F819969458FF}.Release|Any CPU.Build.0 = Release|Any CPU
		{197C30D8-16A4-407D-841F-F819969458FF}.Release|x64.ActiveCfg = Release|Any CPU
		{197C30D8-16A4-407D-841F-F819969458FF}.Release|x64.Build.0 = Release|Any CPU
		{197C30D8-16A4-407D-841F-F819969458FF}.Release|x86.ActiveCfg = Release|Any CPU
		{197C30D8-16A4-407D-841F-F819969458FF}.Release|x86.Build.0 = Release|Any CPU
		{C546C1D3-FD5D-491C-8B61-D49DA0CC0770}.Debug|Any CPU.ActiveCfg = Debug|Any CPU
		{C546C1D3-FD5D-491C-8B61-D49DA0CC0770}.Debug|Any CPU.Build.0 = Debug|Any CPU
		{C546C1D3-FD5D-491C-8B61-D49DA0CC0770}.Debug|x64.ActiveCfg = Debug|Any CPU
		{C546C1D3-FD5D-491C-8B61-D49DA0CC0770}.Debug|x64.Build.0 = Debug|Any CPU
		{C546C1D3-FD5D-491C-8B61-D49DA0CC0770}.Debug|x86.ActiveCfg = Debug|Any CPU
		{C546C1D3-FD5D-491C-8B61-D49DA0CC0770}.Debug|x86.Build.0 = Debug|Any CPU
		{C546C1D3-FD5D-491C-8B61-D49DA0CC0770}.Release|Any CPU.ActiveCfg = Release|Any CPU
		{C546C1D3-FD5D-491C-8B61-D49DA0CC0770}.Release|Any CPU.Build.0 = Release|Any CPU
		{C546C1D3-FD5D-491C-8B61-D49DA0CC0770}.Release|x64.ActiveCfg = Release|Any CPU
		{C546C1D3-FD5D-491C-8B61-D49DA0CC0770}.Release|x64.Build.0 = Release|Any CPU
		{C546C1D3-FD5D-491C-8B61-D49DA0CC0770}.Release|x86.ActiveCfg = Release|Any CPU
		{C546C1D3-FD5D-491C-8B61-D49DA0CC0770}.Release|x86.Build.0 = Release|Any CPU
		{5DECAD28-EBE0-4BD8-B6C5-D36E640CFEC3}.Debug|Any CPU.ActiveCfg = Debug|Any CPU
		{5DECAD28-EBE0-4BD8-B6C5-D36E640CFEC3}.Debug|Any CPU.Build.0 = Debug|Any CPU
		{5DECAD28-EBE0-4BD8-B6C5-D36E640CFEC3}.Debug|x64.ActiveCfg = Debug|Any CPU
		{5DECAD28-EBE0-4BD8-B6C5-D36E640CFEC3}.Debug|x64.Build.0 = Debug|Any CPU
		{5DECAD28-EBE0-4BD8-B6C5-D36E640CFEC3}.Debug|x86.ActiveCfg = Debug|Any CPU
		{5DECAD28-EBE0-4BD8-B6C5-D36E640CFEC3}.Debug|x86.Build.0 = Debug|Any CPU
		{5DECAD28-EBE0-4BD8-B6C5-D36E640CFEC3}.Release|Any CPU.ActiveCfg = Release|Any CPU
		{5DECAD28-EBE0-4BD8-B6C5-D36E640CFEC3}.Release|Any CPU.Build.0 = Release|Any CPU
		{5DECAD28-EBE0-4BD8-B6C5-D36E640CFEC3}.Release|x64.ActiveCfg = Release|Any CPU
		{5DECAD28-EBE0-4BD8-B6C5-D36E640CFEC3}.Release|x64.Build.0 = Release|Any CPU
		{5DECAD28-EBE0-4BD8-B6C5-D36E640CFEC3}.Release|x86.ActiveCfg = Release|Any CPU
		{5DECAD28-EBE0-4BD8-B6C5-D36E640CFEC3}.Release|x86.Build.0 = Release|Any CPU
		{723A4083-67DF-4BE6-80CD-9DC8DA6869CF}.Debug|Any CPU.ActiveCfg = Debug|Any CPU
		{723A4083-67DF-4BE6-80CD-9DC8DA6869CF}.Debug|Any CPU.Build.0 = Debug|Any CPU
		{723A4083-67DF-4BE6-80CD-9DC8DA6869CF}.Debug|x64.ActiveCfg = Debug|Any CPU
		{723A4083-67DF-4BE6-80CD-9DC8DA6869CF}.Debug|x64.Build.0 = Debug|Any CPU
		{723A4083-67DF-4BE6-80CD-9DC8DA6869CF}.Debug|x86.ActiveCfg = Debug|Any CPU
		{723A4083-67DF-4BE6-80CD-9DC8DA6869CF}.Debug|x86.Build.0 = Debug|Any CPU
		{723A4083-67DF-4BE6-80CD-9DC8DA6869CF}.Release|Any CPU.ActiveCfg = Release|Any CPU
		{723A4083-67DF-4BE6-80CD-9DC8DA6869CF}.Release|Any CPU.Build.0 = Release|Any CPU
		{723A4083-67DF-4BE6-80CD-9DC8DA6869CF}.Release|x64.ActiveCfg = Release|Any CPU
		{723A4083-67DF-4BE6-80CD-9DC8DA6869CF}.Release|x64.Build.0 = Release|Any CPU
		{723A4083-67DF-4BE6-80CD-9DC8DA6869CF}.Release|x86.ActiveCfg = Release|Any CPU
		{723A4083-67DF-4BE6-80CD-9DC8DA6869CF}.Release|x86.Build.0 = Release|Any CPU
	EndGlobalSection
	GlobalSection(SolutionProperties) = preSolution
		HideSolutionNode = FALSE
	EndGlobalSection
	GlobalSection(NestedProjects) = preSolution
		{812A24A4-9BE7-480C-A185-D894470B3D20} = {5854FF58-B8C5-05C6-5BF2-ACE42193F22B}
		{563531B4-9036-4226-B85F-2DB18CEE23A6} = {5854FF58-B8C5-05C6-5BF2-ACE42193F22B}
		{AEB89FFD-8A75-407E-BCA4-CEAA33088544} = {5854FF58-B8C5-05C6-5BF2-ACE42193F22B}
		{3BAACA43-EC64-C367-9FAA-9C38067293A8} = {5854FF58-B8C5-05C6-5BF2-ACE42193F22B}
		{50CAF15F-F4E3-4F91-8686-6E240FEFEC64} = {3BAACA43-EC64-C367-9FAA-9C38067293A8}
		{D5A740C4-78F8-4E36-9F0F-79365C05A713} = {3BAACA43-EC64-C367-9FAA-9C38067293A8}
		{310145F9-A1A0-4A5A-A928-D4CEA02EA388} = {3BAACA43-EC64-C367-9FAA-9C38067293A8}
		{F971A69E-476A-42E7-920F-A203A5175EA3} = {3BAACA43-EC64-C367-9FAA-9C38067293A8}
		{CFF9682A-6AB8-4A48-A01B-DE570E4B9AB3} = {3BAACA43-EC64-C367-9FAA-9C38067293A8}
		{A374AA87-E147-4121-A9DA-B0BBDFE45872} = {7266C4A9-E384-DC00-0EB6-47F6002CFBA7}
		{393411BA-7C5B-4793-854B-0B14A88D2C24} = {7266C4A9-E384-DC00-0EB6-47F6002CFBA7}
		{197C30D8-16A4-407D-841F-F819969458FF} = {EAD677E5-AD0E-6F13-EC1D-8BBE0583BABB}
		{C546C1D3-FD5D-491C-8B61-D49DA0CC0770} = {8450CF56-5DC7-366A-AE0A-4A8614F474CF}
		{4353066B-F410-E540-F593-55E469B78A5F} = {0AB3BF05-4346-4AA6-1389-037BE0695223}
		{835260A9-44FA-23F2-CE4B-654AE0EFFB53} = {4353066B-F410-E540-F593-55E469B78A5F}
		{5DECAD28-EBE0-4BD8-B6C5-D36E640CFEC3} = {835260A9-44FA-23F2-CE4B-654AE0EFFB53}
		{AD3136F1-6676-2AF3-8A96-F3C6585F1CB9} = {0AB3BF05-4346-4AA6-1389-037BE0695223}
		{723A4083-67DF-4BE6-80CD-9DC8DA6869CF} = {AD3136F1-6676-2AF3-8A96-F3C6585F1CB9}
	EndGlobalSection
	GlobalSection(ExtensibilityGlobals) = postSolution
		SolutionGuid = {1148B637-1009-4DE0-9724-4727C73FAA45}
	EndGlobalSection
EndGlobal
