Microsoft Visual Studio Solution File, Format Version 12.00
# Visual Studio Version 17
VisualStudioVersion = 17.8.0.0
MinimumVisualStudioVersion = 17.8.0.0
Project("{9A19103F-16F7-4668-BE54-9A1E7A4F7556}") = "DuckStore.AppHost", "DuckStore.AppHost\DuckStore.AppHost.csproj", "{19016669-CA0C-4457-9C87-E6D46F1CCF06}"
EndProject
Project("{9A19103F-16F7-4668-BE54-9A1E7A4F7556}") = "DuckStore.ServiceDefaults", "DuckStore.ServiceDefaults\DuckStore.ServiceDefaults.csproj", "{FDB35A5A-0ED0-49F7-A62C-F9797FCCDC5C}"
EndProject
Global
	GlobalSection(SolutionConfigurationPlatforms) = preSolution
		Debug|Any CPU = Debug|Any CPU
		Release|Any CPU = Release|Any CPU
	EndGlobalSection
	GlobalSection(ProjectConfigurationPlatforms) = postSolution
		{19016669-CA0C-4457-9C87-E6D46F1CCF06}.Debug|Any CPU.ActiveCfg = Debug|Any CPU
		{19016669-CA0C-4457-9C87-E6D46F1CCF06}.Debug|Any CPU.Build.0 = Debug|Any CPU
		{19016669-CA0C-4457-9C87-E6D46F1CCF06}.Release|Any CPU.ActiveCfg = Release|Any CPU
		{19016669-CA0C-4457-9C87-E6D46F1CCF06}.Release|Any CPU.Build.0 = Release|Any CPU
		{FDB35A5A-0ED0-49F7-A62C-F9797FCCDC5C}.Debug|Any CPU.ActiveCfg = Debug|Any CPU
		{FDB35A5A-0ED0-49F7-A62C-F9797FCCDC5C}.Debug|Any CPU.Build.0 = Debug|Any CPU
		{FDB35A5A-0ED0-49F7-A62C-F9797FCCDC5C}.Release|Any CPU.ActiveCfg = Release|Any CPU
		{FDB35A5A-0ED0-49F7-A62C-F9797FCCDC5C}.Release|Any CPU.Build.0 = Release|Any CPU
	EndGlobalSection
	GlobalSection(SolutionProperties) = preSolution
		HideSolutionNode = FALSE
	EndGlobalSection
	GlobalSection(ExtensibilityGlobals) = postSolution
		SolutionGuid = {1148B637-1009-4DE0-9724-4727C73FAA45}
	EndGlobalSection
EndGlobal
