
Microsoft Visual Studio Solution File, Format Version 12.00
# Visual Studio Version 17
VisualStudioVersion = 17.8.0.0
MinimumVisualStudioVersion = 17.8.0.0
Project("{9A19103F-16F7-4668-BE54-9A1E7A4F7556}") = "DuckStore.AppHost", "DuckStore.AppHost\DuckStore.AppHost.csproj", "{19016669-CA0C-4457-9C87-E6D46F1CCF06}"
EndProject
Project("{2150E333-8FDC-42A3-9474-1A3956D46DE8}") = "Services", "Services", "{5854FF58-B8C5-05C6-5BF2-ACE42193F22B}"
EndProject
Project("{2150E333-8FDC-42A3-9474-1A3956D46DE8}") = "BuildingBlocks", "BuildingBlocks", "{7266C4A9-E384-DC00-0EB6-47F6002CFBA7}"
EndProject
Project("{2150E333-8FDC-42A3-9474-1A3956D46DE8}") = "SolutionItems", "SolutionItems", "{F6F462E1-D058-33EE-9A35-BBD49B846676}"
	ProjectSection(SolutionItems) = preProject
		.editorconfig = .editorconfig
		.gitignore = .gitignore
		Directory.Packages.props = Directory.Packages.props
		nuget.config = nuget.config
	EndProjectSection
EndProject
Project("{FAE04EC0-301F-11D3-BF4B-00C04F79EFBC}") = "BuildingBlocks", "DuckStore.BuildingBlocks\BuildingBlocks.csproj", "{99D0E624-81FF-4756-975F-7D1054033EDA}"
EndProject
Project("{FAE04EC0-301F-11D3-BF4B-00C04F79EFBC}") = "Catalog.API", "DockStore.Services\Catalog\Catalog.API\Catalog.API.csproj", "{812A24A4-9BE7-480C-A185-D894470B3D20}"
EndProject
Project("{FAE04EC0-301F-11D3-BF4B-00C04F79EFBC}") = "Basket.API", "DockStore.Services\Basket\Basket.API\Basket.API.csproj", "{563531B4-9036-4226-B85F-2DB18CEE23A6}"
EndProject
Project("{FAE04EC0-301F-11D3-BF4B-00C04F79EFBC}") = "Discount.Grpc", "DockStore.Services\Discount\Discount.Grpc\Discount.Grpc.csproj", "{AEB89FFD-8A75-407E-BCA4-CEAA33088544}"
EndProject
Project("{2150E333-8FDC-42A3-9474-1A3956D46DE8}") = "Ordering", "Ordering", "{3BAACA43-EC64-C367-9FAA-9C38067293A8}"
EndProject
Project("{FAE04EC0-301F-11D3-BF4B-00C04F79EFBC}") = "Ordering.Application", "DockStore.Services\Ordering\Ordering.Application\Ordering.Application.csproj", "{50CAF15F-F4E3-4F91-8686-6E240FEFEC64}"
EndProject
Project("{FAE04EC0-301F-11D3-BF4B-00C04F79EFBC}") = "Ordering.API", "DockStore.Services\Ordering\Ordering.API\Ordering.API.csproj", "{D5A740C4-78F8-4E36-9F0F-79365C05A713}"
EndProject
Project("{FAE04EC0-301F-11D3-BF4B-00C04F79EFBC}") = "Ordering.Domain", "DockStore.Services\Ordering\Ordering.Domain\Ordering.Domain.csproj", "{310145F9-A1A0-4A5A-A928-D4CEA02EA388}"
EndProject
Project("{FAE04EC0-301F-11D3-BF4B-00C04F79EFBC}") = "Ordering.Infrastructure", "DockStore.Services\Ordering\Ordering.Infrastructure\Ordering.Infrastructure.csproj", "{F971A69E-476A-42E7-920F-A203A5175EA3}"
EndProject
Global
	GlobalSection(SolutionConfigurationPlatforms) = preSolution
		Debug|Any CPU = Debug|Any CPU
		Debug|x64 = Debug|x64
		Debug|x86 = Debug|x86
		Release|Any CPU = Release|Any CPU
		Release|x64 = Release|x64
		Release|x86 = Release|x86
	EndGlobalSection
	GlobalSection(ProjectConfigurationPlatforms) = postSolution
		{19016669-CA0C-4457-9C87-E6D46F1CCF06}.Debug|Any CPU.ActiveCfg = Debug|Any CPU
		{19016669-CA0C-4457-9C87-E6D46F1CCF06}.Debug|Any CPU.Build.0 = Debug|Any CPU
		{19016669-CA0C-4457-9C87-E6D46F1CCF06}.Debug|x64.ActiveCfg = Debug|Any CPU
		{19016669-CA0C-4457-9C87-E6D46F1CCF06}.Debug|x64.Build.0 = Debug|Any CPU
		{19016669-CA0C-4457-9C87-E6D46F1CCF06}.Debug|x86.ActiveCfg = Debug|Any CPU
		{19016669-CA0C-4457-9C87-E6D46F1CCF06}.Debug|x86.Build.0 = Debug|Any CPU
		{19016669-CA0C-4457-9C87-E6D46F1CCF06}.Release|Any CPU.ActiveCfg = Release|Any CPU
		{19016669-CA0C-4457-9C87-E6D46F1CCF06}.Release|Any CPU.Build.0 = Release|Any CPU
		{19016669-CA0C-4457-9C87-E6D46F1CCF06}.Release|x64.ActiveCfg = Release|Any CPU
		{19016669-CA0C-4457-9C87-E6D46F1CCF06}.Release|x64.Build.0 = Release|Any CPU
		{19016669-CA0C-4457-9C87-E6D46F1CCF06}.Release|x86.ActiveCfg = Release|Any CPU
		{19016669-CA0C-4457-9C87-E6D46F1CCF06}.Release|x86.Build.0 = Release|Any CPU
		{99D0E624-81FF-4756-975F-7D1054033EDA}.Debug|Any CPU.ActiveCfg = Debug|Any CPU
		{99D0E624-81FF-4756-975F-7D1054033EDA}.Debug|Any CPU.Build.0 = Debug|Any CPU
		{99D0E624-81FF-4756-975F-7D1054033EDA}.Debug|x64.ActiveCfg = Debug|Any CPU
		{99D0E624-81FF-4756-975F-7D1054033EDA}.Debug|x64.Build.0 = Debug|Any CPU
		{99D0E624-81FF-4756-975F-7D1054033EDA}.Debug|x86.ActiveCfg = Debug|Any CPU
		{99D0E624-81FF-4756-975F-7D1054033EDA}.Debug|x86.Build.0 = Debug|Any CPU
		{99D0E624-81FF-4756-975F-7D1054033EDA}.Release|Any CPU.ActiveCfg = Release|Any CPU
		{99D0E624-81FF-4756-975F-7D1054033EDA}.Release|Any CPU.Build.0 = Release|Any CPU
		{99D0E624-81FF-4756-975F-7D1054033EDA}.Release|x64.ActiveCfg = Release|Any CPU
		{99D0E624-81FF-4756-975F-7D1054033EDA}.Release|x64.Build.0 = Release|Any CPU
		{99D0E624-81FF-4756-975F-7D1054033EDA}.Release|x86.ActiveCfg = Release|Any CPU
		{99D0E624-81FF-4756-975F-7D1054033EDA}.Release|x86.Build.0 = Release|Any CPU
		{812A24A4-9BE7-480C-A185-D894470B3D20}.Debug|Any CPU.ActiveCfg = Debug|Any CPU
		{812A24A4-9BE7-480C-A185-D894470B3D20}.Debug|Any CPU.Build.0 = Debug|Any CPU
		{812A24A4-9BE7-480C-A185-D894470B3D20}.Debug|x64.ActiveCfg = Debug|Any CPU
		{812A24A4-9BE7-480C-A185-D894470B3D20}.Debug|x64.Build.0 = Debug|Any CPU
		{812A24A4-9BE7-480C-A185-D894470B3D20}.Debug|x86.ActiveCfg = Debug|Any CPU
		{812A24A4-9BE7-480C-A185-D894470B3D20}.Debug|x86.Build.0 = Debug|Any CPU
		{812A24A4-9BE7-480C-A185-D894470B3D20}.Release|Any CPU.ActiveCfg = Release|Any CPU
		{812A24A4-9BE7-480C-A185-D894470B3D20}.Release|Any CPU.Build.0 = Release|Any CPU
		{812A24A4-9BE7-480C-A185-D894470B3D20}.Release|x64.ActiveCfg = Release|Any CPU
		{812A24A4-9BE7-480C-A185-D894470B3D20}.Release|x64.Build.0 = Release|Any CPU
		{812A24A4-9BE7-480C-A185-D894470B3D20}.Release|x86.ActiveCfg = Release|Any CPU
		{812A24A4-9BE7-480C-A185-D894470B3D20}.Release|x86.Build.0 = Release|Any CPU
		{563531B4-9036-4226-B85F-2DB18CEE23A6}.Debug|Any CPU.ActiveCfg = Debug|Any CPU
		{563531B4-9036-4226-B85F-2DB18CEE23A6}.Debug|Any CPU.Build.0 = Debug|Any CPU
		{563531B4-9036-4226-B85F-2DB18CEE23A6}.Debug|x64.ActiveCfg = Debug|Any CPU
		{563531B4-9036-4226-B85F-2DB18CEE23A6}.Debug|x64.Build.0 = Debug|Any CPU
		{563531B4-9036-4226-B85F-2DB18CEE23A6}.Debug|x86.ActiveCfg = Debug|Any CPU
		{563531B4-9036-4226-B85F-2DB18CEE23A6}.Debug|x86.Build.0 = Debug|Any CPU
		{563531B4-9036-4226-B85F-2DB18CEE23A6}.Release|Any CPU.ActiveCfg = Release|Any CPU
		{563531B4-9036-4226-B85F-2DB18CEE23A6}.Release|Any CPU.Build.0 = Release|Any CPU
		{563531B4-9036-4226-B85F-2DB18CEE23A6}.Release|x64.ActiveCfg = Release|Any CPU
		{563531B4-9036-4226-B85F-2DB18CEE23A6}.Release|x64.Build.0 = Release|Any CPU
		{563531B4-9036-4226-B85F-2DB18CEE23A6}.Release|x86.ActiveCfg = Release|Any CPU
		{563531B4-9036-4226-B85F-2DB18CEE23A6}.Release|x86.Build.0 = Release|Any CPU
		{AEB89FFD-8A75-407E-BCA4-CEAA33088544}.Debug|Any CPU.ActiveCfg = Debug|Any CPU
		{AEB89FFD-8A75-407E-BCA4-CEAA33088544}.Debug|Any CPU.Build.0 = Debug|Any CPU
		{AEB89FFD-8A75-407E-BCA4-CEAA33088544}.Debug|x64.ActiveCfg = Debug|Any CPU
		{AEB89FFD-8A75-407E-BCA4-CEAA33088544}.Debug|x64.Build.0 = Debug|Any CPU
		{AEB89FFD-8A75-407E-BCA4-CEAA33088544}.Debug|x86.ActiveCfg = Debug|Any CPU
		{AEB89FFD-8A75-407E-BCA4-CEAA33088544}.Debug|x86.Build.0 = Debug|Any CPU
		{AEB89FFD-8A75-407E-BCA4-CEAA33088544}.Release|Any CPU.ActiveCfg = Release|Any CPU
		{AEB89FFD-8A75-407E-BCA4-CEAA33088544}.Release|Any CPU.Build.0 = Release|Any CPU
		{AEB89FFD-8A75-407E-BCA4-CEAA33088544}.Release|x64.ActiveCfg = Release|Any CPU
		{AEB89FFD-8A75-407E-BCA4-CEAA33088544}.Release|x64.Build.0 = Release|Any CPU
		{AEB89FFD-8A75-407E-BCA4-CEAA33088544}.Release|x86.ActiveCfg = Release|Any CPU
		{AEB89FFD-8A75-407E-BCA4-CEAA33088544}.Release|x86.Build.0 = Release|Any CPU
		{50CAF15F-F4E3-4F91-8686-6E240FEFEC64}.Debug|Any CPU.ActiveCfg = Debug|Any CPU
		{50CAF15F-F4E3-4F91-8686-6E240FEFEC64}.Debug|Any CPU.Build.0 = Debug|Any CPU
		{50CAF15F-F4E3-4F91-8686-6E240FEFEC64}.Debug|x64.ActiveCfg = Debug|Any CPU
		{50CAF15F-F4E3-4F91-8686-6E240FEFEC64}.Debug|x64.Build.0 = Debug|Any CPU
		{50CAF15F-F4E3-4F91-8686-6E240FEFEC64}.Debug|x86.ActiveCfg = Debug|Any CPU
		{50CAF15F-F4E3-4F91-8686-6E240FEFEC64}.Debug|x86.Build.0 = Debug|Any CPU
		{50CAF15F-F4E3-4F91-8686-6E240FEFEC64}.Release|Any CPU.ActiveCfg = Release|Any CPU
		{50CAF15F-F4E3-4F91-8686-6E240FEFEC64}.Release|Any CPU.Build.0 = Release|Any CPU
		{50CAF15F-F4E3-4F91-8686-6E240FEFEC64}.Release|x64.ActiveCfg = Release|Any CPU
		{50CAF15F-F4E3-4F91-8686-6E240FEFEC64}.Release|x64.Build.0 = Release|Any CPU
		{50CAF15F-F4E3-4F91-8686-6E240FEFEC64}.Release|x86.ActiveCfg = Release|Any CPU
		{50CAF15F-F4E3-4F91-8686-6E240FEFEC64}.Release|x86.Build.0 = Release|Any CPU
		{D5A740C4-78F8-4E36-9F0F-79365C05A713}.Debug|Any CPU.ActiveCfg = Debug|Any CPU
		{D5A740C4-78F8-4E36-9F0F-79365C05A713}.Debug|Any CPU.Build.0 = Debug|Any CPU
		{D5A740C4-78F8-4E36-9F0F-79365C05A713}.Debug|x64.ActiveCfg = Debug|Any CPU
		{D5A740C4-78F8-4E36-9F0F-79365C05A713}.Debug|x64.Build.0 = Debug|Any CPU
		{D5A740C4-78F8-4E36-9F0F-79365C05A713}.Debug|x86.ActiveCfg = Debug|Any CPU
		{D5A740C4-78F8-4E36-9F0F-79365C05A713}.Debug|x86.Build.0 = Debug|Any CPU
		{D5A740C4-78F8-4E36-9F0F-79365C05A713}.Release|Any CPU.ActiveCfg = Release|Any CPU
		{D5A740C4-78F8-4E36-9F0F-79365C05A713}.Release|Any CPU.Build.0 = Release|Any CPU
		{D5A740C4-78F8-4E36-9F0F-79365C05A713}.Release|x64.ActiveCfg = Release|Any CPU
		{D5A740C4-78F8-4E36-9F0F-79365C05A713}.Release|x64.Build.0 = Release|Any CPU
		{D5A740C4-78F8-4E36-9F0F-79365C05A713}.Release|x86.ActiveCfg = Release|Any CPU
		{D5A740C4-78F8-4E36-9F0F-79365C05A713}.Release|x86.Build.0 = Release|Any CPU
		{310145F9-A1A0-4A5A-A928-D4CEA02EA388}.Debug|Any CPU.ActiveCfg = Debug|Any CPU
		{310145F9-A1A0-4A5A-A928-D4CEA02EA388}.Debug|Any CPU.Build.0 = Debug|Any CPU
		{310145F9-A1A0-4A5A-A928-D4CEA02EA388}.Debug|x64.ActiveCfg = Debug|Any CPU
		{310145F9-A1A0-4A5A-A928-D4CEA02EA388}.Debug|x64.Build.0 = Debug|Any CPU
		{310145F9-A1A0-4A5A-A928-D4CEA02EA388}.Debug|x86.ActiveCfg = Debug|Any CPU
		{310145F9-A1A0-4A5A-A928-D4CEA02EA388}.Debug|x86.Build.0 = Debug|Any CPU
		{310145F9-A1A0-4A5A-A928-D4CEA02EA388}.Release|Any CPU.ActiveCfg = Release|Any CPU
		{310145F9-A1A0-4A5A-A928-D4CEA02EA388}.Release|Any CPU.Build.0 = Release|Any CPU
		{310145F9-A1A0-4A5A-A928-D4CEA02EA388}.Release|x64.ActiveCfg = Release|Any CPU
		{310145F9-A1A0-4A5A-A928-D4CEA02EA388}.Release|x64.Build.0 = Release|Any CPU
		{310145F9-A1A0-4A5A-A928-D4CEA02EA388}.Release|x86.ActiveCfg = Release|Any CPU
		{310145F9-A1A0-4A5A-A928-D4CEA02EA388}.Release|x86.Build.0 = Release|Any CPU
		{F971A69E-476A-42E7-920F-A203A5175EA3}.Debug|Any CPU.ActiveCfg = Debug|Any CPU
		{F971A69E-476A-42E7-920F-A203A5175EA3}.Debug|Any CPU.Build.0 = Debug|Any CPU
		{F971A69E-476A-42E7-920F-A203A5175EA3}.Debug|x64.ActiveCfg = Debug|Any CPU
		{F971A69E-476A-42E7-920F-A203A5175EA3}.Debug|x64.Build.0 = Debug|Any CPU
		{F971A69E-476A-42E7-920F-A203A5175EA3}.Debug|x86.ActiveCfg = Debug|Any CPU
		{F971A69E-476A-42E7-920F-A203A5175EA3}.Debug|x86.Build.0 = Debug|Any CPU
		{F971A69E-476A-42E7-920F-A203A5175EA3}.Release|Any CPU.ActiveCfg = Release|Any CPU
		{F971A69E-476A-42E7-920F-A203A5175EA3}.Release|Any CPU.Build.0 = Release|Any CPU
		{F971A69E-476A-42E7-920F-A203A5175EA3}.Release|x64.ActiveCfg = Release|Any CPU
		{F971A69E-476A-42E7-920F-A203A5175EA3}.Release|x64.Build.0 = Release|Any CPU
		{F971A69E-476A-42E7-920F-A203A5175EA3}.Release|x86.ActiveCfg = Release|Any CPU
		{F971A69E-476A-42E7-920F-A203A5175EA3}.Release|x86.Build.0 = Release|Any CPU
	EndGlobalSection
	GlobalSection(SolutionProperties) = preSolution
		HideSolutionNode = FALSE
	EndGlobalSection
	GlobalSection(NestedProjects) = preSolution
		{99D0E624-81FF-4756-975F-7D1054033EDA} = {7266C4A9-E384-DC00-0EB6-47F6002CFBA7}
		{812A24A4-9BE7-480C-A185-D894470B3D20} = {5854FF58-B8C5-05C6-5BF2-ACE42193F22B}
		{563531B4-9036-4226-B85F-2DB18CEE23A6} = {5854FF58-B8C5-05C6-5BF2-ACE42193F22B}
		{AEB89FFD-8A75-407E-BCA4-CEAA33088544} = {5854FF58-B8C5-05C6-5BF2-ACE42193F22B}
		{3BAACA43-EC64-C367-9FAA-9C38067293A8} = {5854FF58-B8C5-05C6-5BF2-ACE42193F22B}
		{50CAF15F-F4E3-4F91-8686-6E240FEFEC64} = {3BAACA43-EC64-C367-9FAA-9C38067293A8}
		{D5A740C4-78F8-4E36-9F0F-79365C05A713} = {3BAACA43-EC64-C367-9FAA-9C38067293A8}
		{310145F9-A1A0-4A5A-A928-D4CEA02EA388} = {3BAACA43-EC64-C367-9FAA-9C38067293A8}
		{F971A69E-476A-42E7-920F-A203A5175EA3} = {3BAACA43-EC64-C367-9FAA-9C38067293A8}
	EndGlobalSection
	GlobalSection(ExtensibilityGlobals) = postSolution
		SolutionGuid = {1148B637-1009-4DE0-9724-4727C73FAA45}
	EndGlobalSection
EndGlobal
